
Microsoft Visual Studio Solution File, Format Version 12.00
# Visual Studio Version 17
VisualStudioVersion = 17.8.34330.188
MinimumVisualStudioVersion = 10.0.40219.1
Project("{9A19103F-16F7-4668-BE54-9A1E7A4F7556}") = "InclusiveCity.API", "InclusiveCity.API\InclusiveCity.API.csproj", "{1B4D2328-89A7-43F4-9E0A-FBBD7F0615A6}"
EndProject
Project("{9A19103F-16F7-4668-BE54-9A1E7A4F7556}") = "InclusiveCity.Application", "InclusiveCity.Application\InclusiveCity.Application.csproj", "{5C2870CB-3B68-441B-BAA7-FDE458058621}"
EndProject
Project("{9A19103F-16F7-4668-BE54-9A1E7A4F7556}") = "InclusiveCity.Domain", "InclusiveCity.Domain\InclusiveCity.Domain.csproj", "{767F4656-FE03-4133-9E89-D34AC6C560E8}"
EndProject
Project("{9A19103F-16F7-4668-BE54-9A1E7A4F7556}") = "InclusiveCity.Infrastructure", "InclusiveCity.Infrastructure\InclusiveCity.Infrastructure.csproj", "{1872968F-D211-46FD-96B3-34F8A89D4703}"
EndProject
Project("{FAE04EC0-301F-11D3-BF4B-00C04F79EFBC}") = "InclusiveCity.Persistence", "InclusiveCity.Persistence\InclusiveCity.Persistence.csproj", "{307F0DCB-CCD9-45D2-A6FF-3B6264851493}"
EndProject
Project("{FAE04EC0-301F-11D3-BF4B-00C04F79EFBC}") = "InclusiveCity.Contracts", "InclusiveCity.Contracts\InclusiveCity.Contracts.csproj", "{7B5BEE59-CF9B-44FC-AFC0-0BD5A60C6E54}"
EndProject
Global
	GlobalSection(SolutionConfigurationPlatforms) = preSolution
		Debug|Any CPU = Debug|Any CPU
		Release|Any CPU = Release|Any CPU
	EndGlobalSection
	GlobalSection(ProjectConfigurationPlatforms) = postSolution
		{1B4D2328-89A7-43F4-9E0A-FBBD7F0615A6}.Debug|Any CPU.ActiveCfg = Debug|Any CPU
		{1B4D2328-89A7-43F4-9E0A-FBBD7F0615A6}.Debug|Any CPU.Build.0 = Debug|Any CPU
		{1B4D2328-89A7-43F4-9E0A-FBBD7F0615A6}.Release|Any CPU.ActiveCfg = Release|Any CPU
		{1B4D2328-89A7-43F4-9E0A-FBBD7F0615A6}.Release|Any CPU.Build.0 = Release|Any CPU
		{5C2870CB-3B68-441B-BAA7-FDE458058621}.Debug|Any CPU.ActiveCfg = Debug|Any CPU
		{5C2870CB-3B68-441B-BAA7-FDE458058621}.Debug|Any CPU.Build.0 = Debug|Any CPU
		{5C2870CB-3B68-441B-BAA7-FDE458058621}.Release|Any CPU.ActiveCfg = Release|Any CPU
		{5C2870CB-3B68-441B-BAA7-FDE458058621}.Release|Any CPU.Build.0 = Release|Any CPU
		{767F4656-FE03-4133-9E89-D34AC6C560E8}.Debug|Any CPU.ActiveCfg = Debug|Any CPU
		{767F4656-FE03-4133-9E89-D34AC6C560E8}.Debug|Any CPU.Build.0 = Debug|Any CPU
		{767F4656-FE03-4133-9E89-D34AC6C560E8}.Release|Any CPU.ActiveCfg = Release|Any CPU
		{767F4656-FE03-4133-9E89-D34AC6C560E8}.Release|Any CPU.Build.0 = Release|Any CPU
		{1872968F-D211-46FD-96B3-34F8A89D4703}.Debug|Any CPU.ActiveCfg = Debug|Any CPU
		{1872968F-D211-46FD-96B3-34F8A89D4703}.Debug|Any CPU.Build.0 = Debug|Any CPU
		{1872968F-D211-46FD-96B3-34F8A89D4703}.Release|Any CPU.ActiveCfg = Release|Any CPU
		{1872968F-D211-46FD-96B3-34F8A89D4703}.Release|Any CPU.Build.0 = Release|Any CPU
		{307F0DCB-CCD9-45D2-A6FF-3B6264851493}.Debug|Any CPU.ActiveCfg = Debug|Any CPU
		{307F0DCB-CCD9-45D2-A6FF-3B6264851493}.Debug|Any CPU.Build.0 = Debug|Any CPU
		{307F0DCB-CCD9-45D2-A6FF-3B6264851493}.Release|Any CPU.ActiveCfg = Release|Any CPU
		{307F0DCB-CCD9-45D2-A6FF-3B6264851493}.Release|Any CPU.Build.0 = Release|Any CPU
		{7B5BEE59-CF9B-44FC-AFC0-0BD5A60C6E54}.Debug|Any CPU.ActiveCfg = Debug|Any CPU
		{7B5BEE59-CF9B-44FC-AFC0-0BD5A60C6E54}.Debug|Any CPU.Build.0 = Debug|Any CPU
		{7B5BEE59-CF9B-44FC-AFC0-0BD5A60C6E54}.Release|Any CPU.ActiveCfg = Release|Any CPU
		{7B5BEE59-CF9B-44FC-AFC0-0BD5A60C6E54}.Release|Any CPU.Build.0 = Release|Any CPU
	EndGlobalSection
	GlobalSection(SolutionProperties) = preSolution
		HideSolutionNode = FALSE
	EndGlobalSection
	GlobalSection(ExtensibilityGlobals) = postSolution
		SolutionGuid = {F174A562-24C9-4672-8387-714CC5BD34B5}
	EndGlobalSection
EndGlobal
